
Microsoft Visual Studio Solution File, Format Version 12.00
# Visual Studio 14
VisualStudioVersion = 14.0.25123.0
MinimumVisualStudioVersion = 10.0.40219.1
Project("{D954291E-2A0B-460D-934E-DC6B0785DB48}") = "TypeBuilders", "TypeBuilders\TypeBuilders.shproj", "{D70F6D92-3521-4EF5-B091-2A571690D3EA}"
EndProject
Global
	GlobalSection(SharedMSBuildProjectFiles) = preSolution
		TypeBuilders\TypeBuilders.projitems*{d70f6d92-3521-4ef5-b091-2a571690d3ea}*SharedItemsImports = 13
	EndGlobalSection
	GlobalSection(SolutionProperties) = preSolution
		HideSolutionNode = FALSE
	EndGlobalSection
EndGlobal
